// !$*UTF8*$!
{
	archiveVersion = 1;
	classes = {
	};
	objectVersion = 46;
	objects = {

/* Begin PBXBuildFile section */
		704767A41B5CE34B009EC4DC /* main.m in Sources */ = {isa = PBXBuildFile; fileRef = 704767A31B5CE34B009EC4DC /* main.m */; };
		704767A71B5CE34B009EC4DC /* AppDelegate.m in Sources */ = {isa = PBXBuildFile; fileRef = 704767A61B5CE34B009EC4DC /* AppDelegate.m */; };
		704767AA1B5CE34B009EC4DC /* ViewController.m in Sources */ = {isa = PBXBuildFile; fileRef = 704767A91B5CE34B009EC4DC /* ViewController.m */; };
		704767AD1B5CE34B009EC4DC /* Main.storyboard in Resources */ = {isa = PBXBuildFile; fileRef = 704767AB1B5CE34B009EC4DC /* Main.storyboard */; };
		704767AF1B5CE34B009EC4DC /* Images.xcassets in Resources */ = {isa = PBXBuildFile; fileRef = 704767AE1B5CE34B009EC4DC /* Images.xcassets */; };
		704767B21B5CE34B009EC4DC /* LaunchScreen.xib in Resources */ = {isa = PBXBuildFile; fileRef = 704767B01B5CE34B009EC4DC /* LaunchScreen.xib */; };
		704767BE1B5CE34B009EC4DC /* weiboTests.m in Sources */ = {isa = PBXBuildFile; fileRef = 704767BD1B5CE34B009EC4DC /* weiboTests.m */; };
		704767C91B5CE420009EC4DC /* Cat.m in Sources */ = {isa = PBXBuildFile; fileRef = 704767C81B5CE420009EC4DC /* Cat.m */; };
/* End PBXBuildFile section */

/* Begin PBXContainerItemProxy section */
		704767B81B5CE34B009EC4DC /* PBXContainerItemProxy */ = {
			isa = PBXContainerItemProxy;
			containerPortal = 704767961B5CE34B009EC4DC /* Project object */;
			proxyType = 1;
			remoteGlobalIDString = 7047679D1B5CE34B009EC4DC;
			remoteInfo = weibo;
		};
/* End PBXContainerItemProxy section */

/* Begin PBXFileReference section */
		7047679E1B5CE34B009EC4DC /* weibo.app */ = {isa = PBXFileReference; explicitFileType = wrapper.application; includeInIndex = 0; path = weibo.app; sourceTree = BUILT_PRODUCTS_DIR; };
		704767A21B5CE34B009EC4DC /* Info.plist */ = {isa = PBXFileReference; lastKnownFileType = text.plist.xml; path = Info.plist; sourceTree = "<group>"; };
		704767A31B5CE34B009EC4DC /* main.m */ = {isa = PBXFileReference; lastKnownFileType = sourcecode.c.objc; path = main.m; sourceTree = "<group>"; };
		704767A51B5CE34B009EC4DC /* AppDelegate.h */ = {isa = PBXFileReference; lastKnownFileType = sourcecode.c.h; path = AppDelegate.h; sourceTree = "<group>"; };
		704767A61B5CE34B009EC4DC /* AppDelegate.m */ = {isa = PBXFileReference; lastKnownFileType = sourcecode.c.objc; path = AppDelegate.m; sourceTree = "<group>"; };
		704767A81B5CE34B009EC4DC /* ViewController.h */ = {isa = PBXFileReference; lastKnownFileType = sourcecode.c.h; path = ViewController.h; sourceTree = "<group>"; };
		704767A91B5CE34B009EC4DC /* ViewController.m */ = {isa = PBXFileReference; lastKnownFileType = sourcecode.c.objc; path = ViewController.m; sourceTree = "<group>"; };
		704767AC1B5CE34B009EC4DC /* Base */ = {isa = PBXFileReference; lastKnownFileType = file.storyboard; name = Base; path = Base.lproj/Main.storyboard; sourceTree = "<group>"; };
		704767AE1B5CE34B009EC4DC /* Images.xcassets */ = {isa = PBXFileReference; lastKnownFileType = folder.assetcatalog; path = Images.xcassets; sourceTree = "<group>"; };
		704767B11B5CE34B009EC4DC /* Base */ = {isa = PBXFileReference; lastKnownFileType = file.xib; name = Base; path = Base.lproj/LaunchScreen.xib; sourceTree = "<group>"; };
		704767B71B5CE34B009EC4DC /* weiboTests.xctest */ = {isa = PBXFileReference; explicitFileType = wrapper.cfbundle; includeInIndex = 0; path = weiboTests.xctest; sourceTree = BUILT_PRODUCTS_DIR; };
		704767BC1B5CE34B009EC4DC /* Info.plist */ = {isa = PBXFileReference; lastKnownFileType = text.plist.xml; path = Info.plist; sourceTree = "<group>"; };
		704767BD1B5CE34B009EC4DC /* weiboTests.m */ = {isa = PBXFileReference; lastKnownFileType = sourcecode.c.objc; path = weiboTests.m; sourceTree = "<group>"; };
		704767C71B5CE420009EC4DC /* Cat.h */ = {isa = PBXFileReference; fileEncoding = 4; lastKnownFileType = sourcecode.c.h; path = Cat.h; sourceTree = "<group>"; };
		704767C81B5CE420009EC4DC /* Cat.m */ = {isa = PBXFileReference; fileEncoding = 4; lastKnownFileType = sourcecode.c.objc; path = Cat.m; sourceTree = "<group>"; };
/* End PBXFileReference section */

/* Begin PBXFrameworksBuildPhase section */
		7047679B1B5CE34B009EC4DC /* Frameworks */ = {
			isa = PBXFrameworksBuildPhase;
			buildActionMask = 2147483647;
			files = (
			);
			runOnlyForDeploymentPostprocessing = 0;
		};
		704767B41B5CE34B009EC4DC /* Frameworks */ = {
			isa = PBXFrameworksBuildPhase;
			buildActionMask = 2147483647;
			files = (
			);
			runOnlyForDeploymentPostprocessing = 0;
		};
/* End PBXFrameworksBuildPhase section */

/* Begin PBXGroup section */
		704767951B5CE34B009EC4DC = {
			isa = PBXGroup;
			children = (
				704767A01B5CE34B009EC4DC /* weibo */,
				704767BA1B5CE34B009EC4DC /* weiboTests */,
				7047679F1B5CE34B009EC4DC /* Products */,
			);
			sourceTree = "<group>";
		};
		7047679F1B5CE34B009EC4DC /* Products */ = {
			isa = PBXGroup;
			children = (
				7047679E1B5CE34B009EC4DC /* weibo.app */,
				704767B71B5CE34B009EC4DC /* weiboTests.xctest */,
			);
			name = Products;
			sourceTree = "<group>";
		};
		704767A01B5CE34B009EC4DC /* weibo */ = {
			isa = PBXGroup;
			children = (
				704767A51B5CE34B009EC4DC /* AppDelegate.h */,
				704767A61B5CE34B009EC4DC /* AppDelegate.m */,
				704767A81B5CE34B009EC4DC /* ViewController.h */,
				704767A91B5CE34B009EC4DC /* ViewController.m */,
				704767AB1B5CE34B009EC4DC /* Main.storyboard */,
				704767AE1B5CE34B009EC4DC /* Images.xcassets */,
				704767B01B5CE34B009EC4DC /* LaunchScreen.xib */,
				704767A11B5CE34B009EC4DC /* Supporting Files */,
				704767C71B5CE420009EC4DC /* Cat.h */,
				704767C81B5CE420009EC4DC /* Cat.m */,
			);
			path = weibo;
			sourceTree = "<group>";
		};
		704767A11B5CE34B009EC4DC /* Supporting Files */ = {
			isa = PBXGroup;
			children = (
				704767A21B5CE34B009EC4DC /* Info.plist */,
				704767A31B5CE34B009EC4DC /* main.m */,
			);
			name = "Supporting Files";
			sourceTree = "<group>";
		};
		704767BA1B5CE34B009EC4DC /* weiboTests */ = {
			isa = PBXGroup;
			children = (
				704767BD1B5CE34B009EC4DC /* weiboTests.m */,
				704767BB1B5CE34B009EC4DC /* Supporting Files */,
			);
			path = weiboTests;
			sourceTree = "<group>";
		};
		704767BB1B5CE34B009EC4DC /* Supporting Files */ = {
			isa = PBXGroup;
			children = (
				704767BC1B5CE34B009EC4DC /* Info.plist */,
			);
			name = "Supporting Files";
			sourceTree = "<group>";
		};
/* End PBXGroup section */

/* Begin PBXNativeTarget section */
		7047679D1B5CE34B009EC4DC /* weibo */ = {
			isa = PBXNativeTarget;
			buildConfigurationList = 704767C11B5CE34B009EC4DC /* Build configuration list for PBXNativeTarget "weibo" */;
			buildPhases = (
				7047679A1B5CE34B009EC4DC /* Sources */,
				7047679B1B5CE34B009EC4DC /* Frameworks */,
				7047679C1B5CE34B009EC4DC /* Resources */,
			);
			buildRules = (
			);
			dependencies = (
			);
			name = weibo;
			productName = weibo;
			productReference = 7047679E1B5CE34B009EC4DC /* weibo.app */;
			productType = "com.apple.product-type.application";
		};
		704767B61B5CE34B009EC4DC /* weiboTests */ = {
			isa = PBXNativeTarget;
			buildConfigurationList = 704767C41B5CE34B009EC4DC /* Build configuration list for PBXNativeTarget "weiboTests" */;
			buildPhases = (
				704767B31B5CE34B009EC4DC /* Sources */,
				704767B41B5CE34B009EC4DC /* Frameworks */,
				704767B51B5CE34B009EC4DC /* Resources */,
			);
			buildRules = (
			);
			dependencies = (
				704767B91B5CE34B009EC4DC /* PBXTargetDependency */,
			);
			name = weiboTests;
			productName = weiboTests;
			productReference = 704767B71B5CE34B009EC4DC /* weiboTests.xctest */;
			productType = "com.apple.product-type.bundle.unit-test";
		};
/* End PBXNativeTarget section */

/* Begin PBXProject section */
		704767961B5CE34B009EC4DC /* Project object */ = {
			isa = PBXProject;
			attributes = {
				LastUpgradeCheck = 0630;
				ORGANIZATIONNAME = "小码哥";
				TargetAttributes = {
					7047679D1B5CE34B009EC4DC = {
						CreatedOnToolsVersion = 6.3.2;
					};
					704767B61B5CE34B009EC4DC = {
						CreatedOnToolsVersion = 6.3.2;
						TestTargetID = 7047679D1B5CE34B009EC4DC;
					};
				};
			};
			buildConfigurationList = 704767991B5CE34B009EC4DC /* Build configuration list for PBXProject "weibo" */;
			compatibilityVersion = "Xcode 3.2";
			developmentRegion = English;
			hasScannedForEncodings = 0;
			knownRegions = (
				en,
				Base,
			);
			mainGroup = 704767951B5CE34B009EC4DC;
			productRefGroup = 7047679F1B5CE34B009EC4DC /* Products */;
			projectDirPath = "";
			projectRoot = "";
			targets = (
				7047679D1B5CE34B009EC4DC /* weibo */,
				704767B61B5CE34B009EC4DC /* weiboTests */,
			);
		};
/* End PBXProject section */

/* Begin PBXResourcesBuildPhase section */
		7047679C1B5CE34B009EC4DC /* Resources */ = {
			isa = PBXResourcesBuildPhase;
			buildActionMask = 2147483647;
			files = (
				704767AD1B5CE34B009EC4DC /* Main.storyboard in Resources */,
				704767B21B5CE34B009EC4DC /* LaunchScreen.xib in Resources */,
				704767AF1B5CE34B009EC4DC /* Images.xcassets in Resources */,
			);
			runOnlyForDeploymentPostprocessing = 0;
		};
		704767B51B5CE34B009EC4DC /* Resources */ = {
			isa = PBXResourcesBuildPhase;
			buildActionMask = 2147483647;
			files = (
			);
			runOnlyForDeploymentPostprocessing = 0;
		};
/* End PBXResourcesBuildPhase section */

/* Begin PBXSourcesBuildPhase section */
		7047679A1B5CE34B009EC4DC /* Sources */ = {
			isa = PBXSourcesBuildPhase;
			buildActionMask = 2147483647;
			files = (
				704767C91B5CE420009EC4DC /* Cat.m in Sources */,
				704767AA1B5CE34B009EC4DC /* ViewController.m in Sources */,
				704767A71B5CE34B009EC4DC /* AppDelegate.m in Sources */,
				704767A41B5CE34B009EC4DC /* main.m in Sources */,
			);
			runOnlyForDeploymentPostprocessing = 0;
		};
		704767B31B5CE34B009EC4DC /* Sources */ = {
			isa = PBXSourcesBuildPhase;
			buildActionMask = 2147483647;
			files = (
				704767BE1B5CE34B009EC4DC /* weiboTests.m in Sources */,
			);
			runOnlyForDeploymentPostprocessing = 0;
		};
/* End PBXSourcesBuildPhase section */

/* Begin PBXTargetDependency section */
		704767B91B5CE34B009EC4DC /* PBXTargetDependency */ = {
			isa = PBXTargetDependency;
			target = 7047679D1B5CE34B009EC4DC /* weibo */;
			targetProxy = 704767B81B5CE34B009EC4DC /* PBXContainerItemProxy */;
		};
/* End PBXTargetDependency section */

/* Begin PBXVariantGroup section */
		704767AB1B5CE34B009EC4DC /* Main.storyboard */ = {
			isa = PBXVariantGroup;
			children = (
				704767AC1B5CE34B009EC4DC /* Base */,
			);
			name = Main.storyboard;
			sourceTree = "<group>";
		};
		704767B01B5CE34B009EC4DC /* LaunchScreen.xib */ = {
			isa = PBXVariantGroup;
			children = (
				704767B11B5CE34B009EC4DC /* Base */,
			);
			name = LaunchScreen.xib;
			sourceTree = "<group>";
		};
/* End PBXVariantGroup section */

/* Begin XCBuildConfiguration section */
		704767BF1B5CE34B009EC4DC /* Debug */ = {
			isa = XCBuildConfiguration;
			buildSettings = {
				ALWAYS_SEARCH_USER_PATHS = NO;
				CLANG_CXX_LANGUAGE_STANDARD = "gnu++0x";
				CLANG_CXX_LIBRARY = "libc++";
				CLANG_ENABLE_MODULES = YES;
				CLANG_ENABLE_OBJC_ARC = YES;
				CLANG_WARN_BOOL_CONVERSION = YES;
				CLANG_WARN_CONSTANT_CONVERSION = YES;
				CLANG_WARN_DIRECT_OBJC_ISA_USAGE = YES_ERROR;
				CLANG_WARN_EMPTY_BODY = YES;
				CLANG_WARN_ENUM_CONVERSION = YES;
				CLANG_WARN_INT_CONVERSION = YES;
				CLANG_WARN_OBJC_ROOT_CLASS = YES_ERROR;
				CLANG_WARN_UNREACHABLE_CODE = YES;
				CLANG_WARN__DUPLICATE_METHOD_MATCH = YES;
				"CODE_SIGN_IDENTITY[sdk=iphoneos*]" = "iPhone Developer";
				COPY_PHASE_STRIP = NO;
				DEBUG_INFORMATION_FORMAT = "dwarf-with-dsym";
				ENABLE_STRICT_OBJC_MSGSEND = YES;
				GCC_C_LANGUAGE_STANDARD = gnu99;
				GCC_DYNAMIC_NO_PIC = NO;
				GCC_NO_COMMON_BLOCKS = YES;
				GCC_OPTIMIZATION_LEVEL = 0;
				GCC_PREPROCESSOR_DEFINITIONS = (
					"DEBUG=1",
					"$(inherited)",
				);
				GCC_SYMBOLS_PRIVATE_EXTERN = NO;
				GCC_WARN_64_TO_32_BIT_CONVERSION = YES;
				GCC_WARN_ABOUT_RETURN_TYPE = YES_ERROR;
				GCC_WARN_UNDECLARED_SELECTOR = YES;
				GCC_WARN_UNINITIALIZED_AUTOS = YES_AGGRESSIVE;
				GCC_WARN_UNUSED_FUNCTION = YES;
				GCC_WARN_UNUSED_VARIABLE = YES;
				IPHONEOS_DEPLOYMENT_TARGET = 8.3;
				MTL_ENABLE_DEBUG_INFO = YES;
				ONLY_ACTIVE_ARCH = YES;
				SDKROOT = iphoneos;
				TARGETED_DEVICE_FAMILY = "1,2";
			};
			name = Debug;
		};
		704767C01B5CE34B009EC4DC /* Release */ = {
			isa = XCBuildConfiguration;
			buildSettings = {
				ALWAYS_SEARCH_USER_PATHS = NO;
				CLANG_CXX_LANGUAGE_STANDARD = "gnu++0x";
				CLANG_CXX_LIBRARY = "libc++";
				CLANG_ENABLE_MODULES = YES;
				CLANG_ENABLE_OBJC_ARC = YES;
				CLANG_WARN_BOOL_CONVERSION = YES;
				CLANG_WARN_CONSTANT_CONVERSION = YES;
				CLANG_WARN_DIRECT_OBJC_ISA_USAGE = YES_ERROR;
				CLANG_WARN_EMPTY_BODY = YES;
				CLANG_WARN_ENUM_CONVERSION = YES;
				CLANG_WARN_INT_CONVERSION = YES;
				CLANG_WARN_OBJC_ROOT_CLASS = YES_ERROR;
				CLANG_WARN_UNREACHABLE_CODE = YES;
				CLANG_WARN__DUPLICATE_METHOD_MATCH = YES;
				"CODE_SIGN_IDENTITY[sdk=iphoneos*]" = "iPhone Developer";
				COPY_PHASE_STRIP = NO;
				DEBUG_INFORMATION_FORMAT = "dwarf-with-dsym";
				ENABLE_NS_ASSERTIONS = NO;
				ENABLE_STRICT_OBJC_MSGSEND = YES;
				GCC_C_LANGUAGE_STANDARD = gnu99;
				GCC_NO_COMMON_BLOCKS = YES;
				GCC_WARN_64_TO_32_BIT_CONVERSION = YES;
				GCC_WARN_ABOUT_RETURN_TYPE = YES_ERROR;
				GCC_WARN_UNDECLARED_SELECTOR = YES;
				GCC_WARN_UNINITIALIZED_AUTOS = YES_AGGRESSIVE;
				GCC_WARN_UNUSED_FUNCTION = YES;
				GCC_WARN_UNUSED_VARIABLE = YES;
				IPHONEOS_DEPLOYMENT_TARGET = 8.3;
				MTL_ENABLE_DEBUG_INFO = NO;
				SDKROOT = iphoneos;
				TARGETED_DEVICE_FAMILY = "1,2";
				VALIDATE_PRODUCT = YES;
			};
			name = Release;
		};
		704767C21B5CE34B009EC4DC /* Debug */ = {
			isa = XCBuildConfiguration;
			buildSettings = {
				ASSETCATALOG_COMPILER_APPICON_NAME = AppIcon;
				INFOPLIST_FILE = weibo/Info.plist;
				LD_RUNPATH_SEARCH_PATHS = "$(inherited) @executable_path/Frameworks";
				PRODUCT_NAME = "$(TARGET_NAME)";
			};
			name = Debug;
		};
		704767C31B5CE34B009EC4DC /* Release */ = {
			isa = XCBuildConfiguration;
			buildSettings = {
				ASSETCATALOG_COMPILER_APPICON_NAME = AppIcon;
				INFOPLIST_FILE = weibo/Info.plist;
				LD_RUNPATH_SEARCH_PATHS = "$(inherited) @executable_path/Frameworks";
				PRODUCT_NAME = "$(TARGET_NAME)";
			};
			name = Release;
		};
		704767C51B5CE34B009EC4DC /* Debug */ = {
			isa = XCBuildConfiguration;
			buildSettings = {
				BUNDLE_LOADER = "$(TEST_HOST)";
				FRAMEWORK_SEARCH_PATHS = (
					"$(SDKROOT)/Developer/Library/Frameworks",
					"$(inherited)",
				);
				GCC_PREPROCESSOR_DEFINITIONS = (
					"DEBUG=1",
					"$(inherited)",
				);
				INFOPLIST_FILE = weiboTests/Info.plist;
				LD_RUNPATH_SEARCH_PATHS = "$(inherited) @executable_path/Frameworks @loader_path/Frameworks";
				PRODUCT_NAME = "$(TARGET_NAME)";
				TEST_HOST = "$(BUILT_PRODUCTS_DIR)/weibo.app/weibo";
			};
			name = Debug;
		};
		704767C61B5CE34B009EC4DC /* Release */ = {
			isa = XCBuildConfiguration;
			buildSettings = {
				BUNDLE_LOADER = "$(TEST_HOST)";
				FRAMEWORK_SEARCH_PATHS = (
					"$(SDKROOT)/Developer/Library/Frameworks",
					"$(inherited)",
				);
				INFOPLIST_FILE = weiboTests/Info.plist;
				LD_RUNPATH_SEARCH_PATHS = "$(inherited) @executable_path/Frameworks @loader_path/Frameworks";
				PRODUCT_NAME = "$(TARGET_NAME)";
				TEST_HOST = "$(BUILT_PRODUCTS_DIR)/weibo.app/weibo";
			};
			name = Release;
		};
/* End XCBuildConfiguration section */

/* Begin XCConfigurationList section */
		704767991B5CE34B009EC4DC /* Build configuration list for PBXProject "weibo" */ = {
			isa = XCConfigurationList;
			buildConfigurations = (
				704767BF1B5CE34B009EC4DC /* Debug */,
				704767C01B5CE34B009EC4DC /* Release */,
			);
			defaultConfigurationIsVisible = 0;
			defaultConfigurationName = Release;
		};
		704767C11B5CE34B009EC4DC /* Build configuration list for PBXNativeTarget "weibo" */ = {
			isa = XCConfigurationList;
			buildConfigurations = (
				704767C21B5CE34B009EC4DC /* Debug */,
				704767C31B5CE34B009EC4DC /* Release */,
			);
			defaultConfigurationIsVisible = 0;
		};
		704767C41B5CE34B009EC4DC /* Build configuration list for PBXNativeTarget "weiboTests" */ = {
			isa = XCConfigurationList;
			buildConfigurations = (
				704767C51B5CE34B009EC4DC /* Debug */,
				704767C61B5CE34B009EC4DC /* Release */,
			);
			defaultConfigurationIsVisible = 0;
		};
/* End XCConfigurationList section */
	};
	rootObject = 704767961B5CE34B009EC4DC /* Project object */;
}
